
Microsoft Visual Studio Solution File, Format Version 12.00
# Visual Studio Version 17
VisualStudioVersion = 17.0.32014.148
MinimumVisualStudioVersion = 10.0.40219.1
Project("{2150E333-8FDC-42A3-9474-1A3956D46DE8}") = "src", "src", "{2CA6F9C7-5C68-45C6-B848-177DACB88E5A}"
	ProjectSection(SolutionItems) = preProject
		src\Directory.Build.props = src\Directory.Build.props
	EndProjectSection
EndProject
Project("{2150E333-8FDC-42A3-9474-1A3956D46DE8}") = "tests", "tests", "{3AFEC0FE-4D12-44EF-81B7-EDFFF94CCF51}"
	ProjectSection(SolutionItems) = preProject
		tests\Directory.Build.props = tests\Directory.Build.props
	EndProjectSection
EndProject
Project("{2150E333-8FDC-42A3-9474-1A3956D46DE8}") = "benchmarks", "benchmarks", "{DD329571-8DEA-49F7-A13C-180D35B67D40}"
EndProject
Project("{9A19103F-16F7-4668-BE54-9A1E7A4F7556}") = "Kunc.RiotGames.Lor.DeckCodes", "src\Kunc.RiotGames.Lor.DeckCodes\Kunc.RiotGames.Lor.DeckCodes.csproj", "{8D71F4F8-0F5F-4408-8B4B-44F66CABD0B1}"
EndProject
Project("{9A19103F-16F7-4668-BE54-9A1E7A4F7556}") = "Kunc.RiotGames.Lor.DeckCodes.TestProject", "tests\Kunc.RiotGames.Lor.DeckCodes.TestProject\Kunc.RiotGames.Lor.DeckCodes.TestProject.csproj", "{11EF1F67-7D64-456D-BF9E-2460283D50AF}"
EndProject
Project("{9A19103F-16F7-4668-BE54-9A1E7A4F7556}") = "Kunc.RiotGames.Lor.DeckCodes.Benchmark", "benchmarks\Kunc.RiotGames.Lor.DeckCodes.Benchmark\Kunc.RiotGames.Lor.DeckCodes.Benchmark.csproj", "{627649F1-FE4E-4BDB-BAA3-B3E5483DF155}"
EndProject
Project("{2150E333-8FDC-42A3-9474-1A3956D46DE8}") = "samples", "samples", "{50A025E1-0B7D-40BB-B190-8758D2AC91F1}"
EndProject
Project("{2150E333-8FDC-42A3-9474-1A3956D46DE8}") = "Solution Items", "Solution Items", "{E4FEFA60-4204-41CB-A781-2DE729D06108}"
	ProjectSection(SolutionItems) = preProject
		README.md = README.md
	EndProjectSection
EndProject
Project("{9A19103F-16F7-4668-BE54-9A1E7A4F7556}") = "Kunc.RiotGames.Lor.GameClient", "src\Kunc.RiotGames.Lor.GameClient\Kunc.RiotGames.Lor.GameClient.csproj", "{3C609466-185B-4177-8F30-3C50B6110AFF}"
EndProject
Project("{9A19103F-16F7-4668-BE54-9A1E7A4F7556}") = "Kunc.RiotGames.Core", "src\Kunc.RiotGames.Core\Kunc.RiotGames.Core.csproj", "{AE6D3BDA-6CBC-41E7-95C2-4F460A473E93}"
EndProject
Project("{9A19103F-16F7-4668-BE54-9A1E7A4F7556}") = "ConsoleApp", "ConsoleApp\ConsoleApp.csproj", "{25AAF42D-9C69-47EE-8F6A-FB458C79B173}"
EndProject
Project("{9A19103F-16F7-4668-BE54-9A1E7A4F7556}") = "Kunc.RiotGames.Lol.GameClient", "src\Kunc.RiotGames.Lol.GameClient\Kunc.RiotGames.Lol.GameClient.csproj", "{D325EA40-F673-4034-BC6A-F0E23BF72A4A}"
EndProject
Project("{9A19103F-16F7-4668-BE54-9A1E7A4F7556}") = "Kunc.RiotGames.Lol.DataDragon", "src\Kunc.RiotGames.Lol.DataDragon\Kunc.RiotGames.Lol.DataDragon.csproj", "{31164732-BAFB-4EBE-B32E-BB7869C41778}"
EndProject
Project("{9A19103F-16F7-4668-BE54-9A1E7A4F7556}") = "Kunc.RiotGames.Lol.DataDragon.TestProject", "tests\Kunc.RiotGames.Lol.DataDragon.TestProject\Kunc.RiotGames.Lol.DataDragon.TestProject.csproj", "{757E0DAC-112B-4714-9256-3FA85F1BA993}"
EndProject
Project("{9A19103F-16F7-4668-BE54-9A1E7A4F7556}") = "Utils", "tests\Utils\Utils.csproj", "{67702140-744A-4EB7-BD57-AF67C518DFA2}"
EndProject
Global
	GlobalSection(SolutionConfigurationPlatforms) = preSolution
		Debug|Any CPU = Debug|Any CPU
		Release|Any CPU = Release|Any CPU
	EndGlobalSection
	GlobalSection(ProjectConfigurationPlatforms) = postSolution
		{8D71F4F8-0F5F-4408-8B4B-44F66CABD0B1}.Debug|Any CPU.ActiveCfg = Debug|Any CPU
		{8D71F4F8-0F5F-4408-8B4B-44F66CABD0B1}.Debug|Any CPU.Build.0 = Debug|Any CPU
		{8D71F4F8-0F5F-4408-8B4B-44F66CABD0B1}.Release|Any CPU.ActiveCfg = Release|Any CPU
		{8D71F4F8-0F5F-4408-8B4B-44F66CABD0B1}.Release|Any CPU.Build.0 = Release|Any CPU
		{11EF1F67-7D64-456D-BF9E-2460283D50AF}.Debug|Any CPU.ActiveCfg = Debug|Any CPU
		{11EF1F67-7D64-456D-BF9E-2460283D50AF}.Debug|Any CPU.Build.0 = Debug|Any CPU
		{11EF1F67-7D64-456D-BF9E-2460283D50AF}.Release|Any CPU.ActiveCfg = Release|Any CPU
		{11EF1F67-7D64-456D-BF9E-2460283D50AF}.Release|Any CPU.Build.0 = Release|Any CPU
		{627649F1-FE4E-4BDB-BAA3-B3E5483DF155}.Debug|Any CPU.ActiveCfg = Debug|Any CPU
		{627649F1-FE4E-4BDB-BAA3-B3E5483DF155}.Debug|Any CPU.Build.0 = Debug|Any CPU
		{627649F1-FE4E-4BDB-BAA3-B3E5483DF155}.Release|Any CPU.ActiveCfg = Release|Any CPU
		{627649F1-FE4E-4BDB-BAA3-B3E5483DF155}.Release|Any CPU.Build.0 = Release|Any CPU
		{3C609466-185B-4177-8F30-3C50B6110AFF}.Debug|Any CPU.ActiveCfg = Debug|Any CPU
		{3C609466-185B-4177-8F30-3C50B6110AFF}.Debug|Any CPU.Build.0 = Debug|Any CPU
		{3C609466-185B-4177-8F30-3C50B6110AFF}.Release|Any CPU.ActiveCfg = Release|Any CPU
		{3C609466-185B-4177-8F30-3C50B6110AFF}.Release|Any CPU.Build.0 = Release|Any CPU
		{AE6D3BDA-6CBC-41E7-95C2-4F460A473E93}.Debug|Any CPU.ActiveCfg = Debug|Any CPU
		{AE6D3BDA-6CBC-41E7-95C2-4F460A473E93}.Debug|Any CPU.Build.0 = Debug|Any CPU
		{AE6D3BDA-6CBC-41E7-95C2-4F460A473E93}.Release|Any CPU.ActiveCfg = Release|Any CPU
		{AE6D3BDA-6CBC-41E7-95C2-4F460A473E93}.Release|Any CPU.Build.0 = Release|Any CPU
		{25AAF42D-9C69-47EE-8F6A-FB458C79B173}.Debug|Any CPU.ActiveCfg = Debug|Any CPU
		{25AAF42D-9C69-47EE-8F6A-FB458C79B173}.Debug|Any CPU.Build.0 = Debug|Any CPU
		{25AAF42D-9C69-47EE-8F6A-FB458C79B173}.Release|Any CPU.ActiveCfg = Release|Any CPU
		{25AAF42D-9C69-47EE-8F6A-FB458C79B173}.Release|Any CPU.Build.0 = Release|Any CPU
		{D325EA40-F673-4034-BC6A-F0E23BF72A4A}.Debug|Any CPU.ActiveCfg = Debug|Any CPU
		{D325EA40-F673-4034-BC6A-F0E23BF72A4A}.Debug|Any CPU.Build.0 = Debug|Any CPU
		{D325EA40-F673-4034-BC6A-F0E23BF72A4A}.Release|Any CPU.ActiveCfg = Release|Any CPU
		{D325EA40-F673-4034-BC6A-F0E23BF72A4A}.Release|Any CPU.Build.0 = Release|Any CPU
		{31164732-BAFB-4EBE-B32E-BB7869C41778}.Debug|Any CPU.ActiveCfg = Debug|Any CPU
		{31164732-BAFB-4EBE-B32E-BB7869C41778}.Debug|Any CPU.Build.0 = Debug|Any CPU
		{31164732-BAFB-4EBE-B32E-BB7869C41778}.Release|Any CPU.ActiveCfg = Release|Any CPU
		{31164732-BAFB-4EBE-B32E-BB7869C41778}.Release|Any CPU.Build.0 = Release|Any CPU
		{757E0DAC-112B-4714-9256-3FA85F1BA993}.Debug|Any CPU.ActiveCfg = Debug|Any CPU
		{757E0DAC-112B-4714-9256-3FA85F1BA993}.Debug|Any CPU.Build.0 = Debug|Any CPU
		{757E0DAC-112B-4714-9256-3FA85F1BA993}.Release|Any CPU.ActiveCfg = Release|Any CPU
		{757E0DAC-112B-4714-9256-3FA85F1BA993}.Release|Any CPU.Build.0 = Release|Any CPU
		{67702140-744A-4EB7-BD57-AF67C518DFA2}.Debug|Any CPU.ActiveCfg = Debug|Any CPU
		{67702140-744A-4EB7-BD57-AF67C518DFA2}.Debug|Any CPU.Build.0 = Debug|Any CPU
		{67702140-744A-4EB7-BD57-AF67C518DFA2}.Release|Any CPU.ActiveCfg = Release|Any CPU
		{67702140-744A-4EB7-BD57-AF67C518DFA2}.Release|Any CPU.Build.0 = Release|Any CPU
	EndGlobalSection
	GlobalSection(SolutionProperties) = preSolution
		HideSolutionNode = FALSE
	EndGlobalSection
	GlobalSection(NestedProjects) = preSolution
		{8D71F4F8-0F5F-4408-8B4B-44F66CABD0B1} = {2CA6F9C7-5C68-45C6-B848-177DACB88E5A}
		{11EF1F67-7D64-456D-BF9E-2460283D50AF} = {3AFEC0FE-4D12-44EF-81B7-EDFFF94CCF51}
		{627649F1-FE4E-4BDB-BAA3-B3E5483DF155} = {DD329571-8DEA-49F7-A13C-180D35B67D40}
		{3C609466-185B-4177-8F30-3C50B6110AFF} = {2CA6F9C7-5C68-45C6-B848-177DACB88E5A}
		{AE6D3BDA-6CBC-41E7-95C2-4F460A473E93} = {2CA6F9C7-5C68-45C6-B848-177DACB88E5A}
		{D325EA40-F673-4034-BC6A-F0E23BF72A4A} = {2CA6F9C7-5C68-45C6-B848-177DACB88E5A}
		{31164732-BAFB-4EBE-B32E-BB7869C41778} = {2CA6F9C7-5C68-45C6-B848-177DACB88E5A}
		{757E0DAC-112B-4714-9256-3FA85F1BA993} = {3AFEC0FE-4D12-44EF-81B7-EDFFF94CCF51}
		{67702140-744A-4EB7-BD57-AF67C518DFA2} = {3AFEC0FE-4D12-44EF-81B7-EDFFF94CCF51}
	EndGlobalSection
	GlobalSection(ExtensibilityGlobals) = postSolution
		SolutionGuid = {FE7C6147-302A-433F-A276-D37E5F1163D9}
	EndGlobalSection
EndGlobal
