
Microsoft Visual Studio Solution File, Format Version 12.00
# Visual Studio Version 17
VisualStudioVersion = 17.0.31903.59
MinimumVisualStudioVersion = 10.0.40219.1
Project("{9A19103F-16F7-4668-BE54-9A1E7A4F7556}") = "Kunc.RiotGames.Lor.DeckCodes", "src\Kunc.RiotGames.Lor.DeckCodes\Kunc.RiotGames.Lor.DeckCodes.csproj", "{FDB8D7BA-FD41-4A1C-BB6F-3FC7A68AAEAC}"
EndProject
Project("{2150E333-8FDC-42A3-9474-1A3956D46DE8}") = "Solution Items", "Solution Items", "{8C21ADEF-A779-4A13-AD30-548B91499CBD}"
	ProjectSection(SolutionItems) = preProject
		.editorconfig = .editorconfig
		.gitignore = .gitignore
		Directory.Build.props = Directory.Build.props
		Directory.Packages.props = Directory.Packages.props
		LICENSE = LICENSE
		README.md = README.md
	EndProjectSection
EndProject
Project("{2150E333-8FDC-42A3-9474-1A3956D46DE8}") = "src", "src", "{6D2DC7AC-A8C5-460E-814A-BC50B3332517}"
	ProjectSection(SolutionItems) = preProject
		src\Directory.Build.props = src\Directory.Build.props
	EndProjectSection
EndProject
Project("{2150E333-8FDC-42A3-9474-1A3956D46DE8}") = "tests", "tests", "{C8D52066-9A04-43FD-8FBB-AB3C03DE97EC}"
	ProjectSection(SolutionItems) = preProject
		tests\Directory.Build.props = tests\Directory.Build.props
	EndProjectSection
EndProject
Project("{2150E333-8FDC-42A3-9474-1A3956D46DE8}") = "samples", "samples", "{B399A5B5-C6B1-4A09-B259-168258ED9C54}"
	ProjectSection(SolutionItems) = preProject
		samples\Directory.Build.props = samples\Directory.Build.props
		samples\Directory.Packages.props = samples\Directory.Packages.props
	EndProjectSection
EndProject
Project("{9A19103F-16F7-4668-BE54-9A1E7A4F7556}") = "Kunc.RiotGames.Lor.DeckCodes.Tests", "tests\Kunc.RiotGames.Lor.DeckCodes.Tests\Kunc.RiotGames.Lor.DeckCodes.Tests.csproj", "{F908E6F0-9132-421B-A35D-B9844EBF2B19}"
EndProject
Project("{9A19103F-16F7-4668-BE54-9A1E7A4F7556}") = "Kunc.RiotGames.Core", "src\Kunc.RiotGames.Core\Kunc.RiotGames.Core.csproj", "{271A998A-9AAE-46D8-91F9-EC507F68DF0A}"
EndProject
Project("{9A19103F-16F7-4668-BE54-9A1E7A4F7556}") = "Kunc.RiotGames.Lor.GameClient", "src\Kunc.RiotGames.Lor.GameClient\Kunc.RiotGames.Lor.GameClient.csproj", "{A1C93CAD-8C95-44A4-B58E-DAFE17E8773A}"
EndProject
Project("{9A19103F-16F7-4668-BE54-9A1E7A4F7556}") = "Kunc.RiotGames.Lor.GameClient.Tests", "tests\Kunc.RiotGames.Lor.GameClient.Tests\Kunc.RiotGames.Lor.GameClient.Tests.csproj", "{3E331A74-5990-4997-A06C-E9D6AE83282C}"
EndProject
Project("{9A19103F-16F7-4668-BE54-9A1E7A4F7556}") = "Kunc.RiotGames.Lol.LeagueClientUpdate", "src\Kunc.RiotGames.Lol.LeagueClientUpdate\Kunc.RiotGames.Lol.LeagueClientUpdate.csproj", "{280A626E-46F5-436B-8AF2-2F61413A23FE}"
EndProject
Project("{9A19103F-16F7-4668-BE54-9A1E7A4F7556}") = "Kunc.RiotGames.Lol.LeagueClientUpdate.Tests", "tests\Kunc.RiotGames.Lol.LeagueClientUpdate.Tests\Kunc.RiotGames.Lol.LeagueClientUpdate.Tests.csproj", "{F4489346-EF73-4DAE-8411-D40A02C8B114}"
EndProject
Project("{9A19103F-16F7-4668-BE54-9A1E7A4F7556}") = "NotSample", "samples\NotSample\NotSample.csproj", "{29894BE4-A419-4538-BE1C-092C55A4B038}"
EndProject
Project("{9A19103F-16F7-4668-BE54-9A1E7A4F7556}") = "Kunc.RiotGames.Core.Tests", "tests\Kunc.RiotGames.Core.Tests\Kunc.RiotGames.Core.Tests.csproj", "{5409CD25-A56B-4E6D-A34C-6588B0BE9A3F}"
EndProject
Project("{9A19103F-16F7-4668-BE54-9A1E7A4F7556}") = "Benchmarks", "samples\Benchmarks\Benchmarks.csproj", "{E185A5AC-7793-4099-A8C7-52566D81C28E}"
EndProject
Project("{9A19103F-16F7-4668-BE54-9A1E7A4F7556}") = "Kunc.RiotGames.Lol.DataDragon", "src\Kunc.RiotGames.Lol.DataDragon\Kunc.RiotGames.Lol.DataDragon.csproj", "{860F6C33-A5FF-4F12-912E-8B8BFE9D1122}"
EndProject
Project("{9A19103F-16F7-4668-BE54-9A1E7A4F7556}") = "Kunc.RiotGames.Lol.DataDragon.Tests", "tests\Kunc.RiotGames.Lol.DataDragon.Tests\Kunc.RiotGames.Lol.DataDragon.Tests.csproj", "{1ABD71BB-3E4B-4CA9-BBD0-B70303D3A42E}"
EndProject
Global
	GlobalSection(SolutionConfigurationPlatforms) = preSolution
		Debug|Any CPU = Debug|Any CPU
		Release|Any CPU = Release|Any CPU
	EndGlobalSection
	GlobalSection(ProjectConfigurationPlatforms) = postSolution
		{FDB8D7BA-FD41-4A1C-BB6F-3FC7A68AAEAC}.Debug|Any CPU.ActiveCfg = Debug|Any CPU
		{FDB8D7BA-FD41-4A1C-BB6F-3FC7A68AAEAC}.Debug|Any CPU.Build.0 = Debug|Any CPU
		{FDB8D7BA-FD41-4A1C-BB6F-3FC7A68AAEAC}.Release|Any CPU.ActiveCfg = Release|Any CPU
		{FDB8D7BA-FD41-4A1C-BB6F-3FC7A68AAEAC}.Release|Any CPU.Build.0 = Release|Any CPU
		{F908E6F0-9132-421B-A35D-B9844EBF2B19}.Debug|Any CPU.ActiveCfg = Debug|Any CPU
		{F908E6F0-9132-421B-A35D-B9844EBF2B19}.Debug|Any CPU.Build.0 = Debug|Any CPU
		{F908E6F0-9132-421B-A35D-B9844EBF2B19}.Release|Any CPU.ActiveCfg = Release|Any CPU
		{F908E6F0-9132-421B-A35D-B9844EBF2B19}.Release|Any CPU.Build.0 = Release|Any CPU
		{271A998A-9AAE-46D8-91F9-EC507F68DF0A}.Debug|Any CPU.ActiveCfg = Debug|Any CPU
		{271A998A-9AAE-46D8-91F9-EC507F68DF0A}.Debug|Any CPU.Build.0 = Debug|Any CPU
		{271A998A-9AAE-46D8-91F9-EC507F68DF0A}.Release|Any CPU.ActiveCfg = Release|Any CPU
		{271A998A-9AAE-46D8-91F9-EC507F68DF0A}.Release|Any CPU.Build.0 = Release|Any CPU
		{A1C93CAD-8C95-44A4-B58E-DAFE17E8773A}.Debug|Any CPU.ActiveCfg = Debug|Any CPU
		{A1C93CAD-8C95-44A4-B58E-DAFE17E8773A}.Debug|Any CPU.Build.0 = Debug|Any CPU
		{A1C93CAD-8C95-44A4-B58E-DAFE17E8773A}.Release|Any CPU.ActiveCfg = Release|Any CPU
		{A1C93CAD-8C95-44A4-B58E-DAFE17E8773A}.Release|Any CPU.Build.0 = Release|Any CPU
		{3E331A74-5990-4997-A06C-E9D6AE83282C}.Debug|Any CPU.ActiveCfg = Debug|Any CPU
		{3E331A74-5990-4997-A06C-E9D6AE83282C}.Debug|Any CPU.Build.0 = Debug|Any CPU
		{3E331A74-5990-4997-A06C-E9D6AE83282C}.Release|Any CPU.ActiveCfg = Release|Any CPU
		{3E331A74-5990-4997-A06C-E9D6AE83282C}.Release|Any CPU.Build.0 = Release|Any CPU
		{280A626E-46F5-436B-8AF2-2F61413A23FE}.Debug|Any CPU.ActiveCfg = Debug|Any CPU
		{280A626E-46F5-436B-8AF2-2F61413A23FE}.Debug|Any CPU.Build.0 = Debug|Any CPU
		{280A626E-46F5-436B-8AF2-2F61413A23FE}.Release|Any CPU.ActiveCfg = Release|Any CPU
		{280A626E-46F5-436B-8AF2-2F61413A23FE}.Release|Any CPU.Build.0 = Release|Any CPU
		{F4489346-EF73-4DAE-8411-D40A02C8B114}.Debug|Any CPU.ActiveCfg = Debug|Any CPU
		{F4489346-EF73-4DAE-8411-D40A02C8B114}.Debug|Any CPU.Build.0 = Debug|Any CPU
		{F4489346-EF73-4DAE-8411-D40A02C8B114}.Release|Any CPU.ActiveCfg = Release|Any CPU
		{F4489346-EF73-4DAE-8411-D40A02C8B114}.Release|Any CPU.Build.0 = Release|Any CPU
		{29894BE4-A419-4538-BE1C-092C55A4B038}.Debug|Any CPU.ActiveCfg = Debug|Any CPU
		{29894BE4-A419-4538-BE1C-092C55A4B038}.Debug|Any CPU.Build.0 = Debug|Any CPU
		{29894BE4-A419-4538-BE1C-092C55A4B038}.Release|Any CPU.ActiveCfg = Release|Any CPU
		{29894BE4-A419-4538-BE1C-092C55A4B038}.Release|Any CPU.Build.0 = Release|Any CPU
		{5409CD25-A56B-4E6D-A34C-6588B0BE9A3F}.Debug|Any CPU.ActiveCfg = Debug|Any CPU
		{5409CD25-A56B-4E6D-A34C-6588B0BE9A3F}.Debug|Any CPU.Build.0 = Debug|Any CPU
		{5409CD25-A56B-4E6D-A34C-6588B0BE9A3F}.Release|Any CPU.ActiveCfg = Release|Any CPU
		{5409CD25-A56B-4E6D-A34C-6588B0BE9A3F}.Release|Any CPU.Build.0 = Release|Any CPU
		{E185A5AC-7793-4099-A8C7-52566D81C28E}.Debug|Any CPU.ActiveCfg = Debug|Any CPU
		{E185A5AC-7793-4099-A8C7-52566D81C28E}.Debug|Any CPU.Build.0 = Debug|Any CPU
		{E185A5AC-7793-4099-A8C7-52566D81C28E}.Release|Any CPU.ActiveCfg = Release|Any CPU
		{E185A5AC-7793-4099-A8C7-52566D81C28E}.Release|Any CPU.Build.0 = Release|Any CPU
		{860F6C33-A5FF-4F12-912E-8B8BFE9D1122}.Debug|Any CPU.ActiveCfg = Debug|Any CPU
		{860F6C33-A5FF-4F12-912E-8B8BFE9D1122}.Debug|Any CPU.Build.0 = Debug|Any CPU
		{860F6C33-A5FF-4F12-912E-8B8BFE9D1122}.Release|Any CPU.ActiveCfg = Release|Any CPU
		{860F6C33-A5FF-4F12-912E-8B8BFE9D1122}.Release|Any CPU.Build.0 = Release|Any CPU
		{1ABD71BB-3E4B-4CA9-BBD0-B70303D3A42E}.Debug|Any CPU.ActiveCfg = Debug|Any CPU
		{1ABD71BB-3E4B-4CA9-BBD0-B70303D3A42E}.Debug|Any CPU.Build.0 = Debug|Any CPU
		{1ABD71BB-3E4B-4CA9-BBD0-B70303D3A42E}.Release|Any CPU.ActiveCfg = Release|Any CPU
		{1ABD71BB-3E4B-4CA9-BBD0-B70303D3A42E}.Release|Any CPU.Build.0 = Release|Any CPU
	EndGlobalSection
	GlobalSection(SolutionProperties) = preSolution
		HideSolutionNode = FALSE
	EndGlobalSection
	GlobalSection(NestedProjects) = preSolution
		{FDB8D7BA-FD41-4A1C-BB6F-3FC7A68AAEAC} = {6D2DC7AC-A8C5-460E-814A-BC50B3332517}
		{F908E6F0-9132-421B-A35D-B9844EBF2B19} = {C8D52066-9A04-43FD-8FBB-AB3C03DE97EC}
		{271A998A-9AAE-46D8-91F9-EC507F68DF0A} = {6D2DC7AC-A8C5-460E-814A-BC50B3332517}
		{A1C93CAD-8C95-44A4-B58E-DAFE17E8773A} = {6D2DC7AC-A8C5-460E-814A-BC50B3332517}
		{3E331A74-5990-4997-A06C-E9D6AE83282C} = {C8D52066-9A04-43FD-8FBB-AB3C03DE97EC}
		{280A626E-46F5-436B-8AF2-2F61413A23FE} = {6D2DC7AC-A8C5-460E-814A-BC50B3332517}
		{F4489346-EF73-4DAE-8411-D40A02C8B114} = {C8D52066-9A04-43FD-8FBB-AB3C03DE97EC}
		{29894BE4-A419-4538-BE1C-092C55A4B038} = {B399A5B5-C6B1-4A09-B259-168258ED9C54}
		{5409CD25-A56B-4E6D-A34C-6588B0BE9A3F} = {C8D52066-9A04-43FD-8FBB-AB3C03DE97EC}
		{E185A5AC-7793-4099-A8C7-52566D81C28E} = {B399A5B5-C6B1-4A09-B259-168258ED9C54}
		{860F6C33-A5FF-4F12-912E-8B8BFE9D1122} = {6D2DC7AC-A8C5-460E-814A-BC50B3332517}
		{1ABD71BB-3E4B-4CA9-BBD0-B70303D3A42E} = {C8D52066-9A04-43FD-8FBB-AB3C03DE97EC}
	EndGlobalSection
	GlobalSection(ExtensibilityGlobals) = postSolution
		SolutionGuid = {D8E42019-F5E1-4BEF-90EB-4728F0021911}
	EndGlobalSection
EndGlobal
